// !$*UTF8*$!
{
	archiveVersion = 1;
	classes = {
	};
	objectVersion = 46;
	objects = {

/* Begin PBXBuildFile section */
		736F91D61AC1B0EB00A8D6EA /* AppDelegate.m in Sources */ = {isa = PBXBuildFile; fileRef = 736F91D51AC1B0EB00A8D6EA /* AppDelegate.m */; };
		736F91D81AC1B0EB00A8D6EA /* main.m in Sources */ = {isa = PBXBuildFile; fileRef = 736F91D71AC1B0EB00A8D6EA /* main.m */; };
		736F91DA1AC1B0EB00A8D6EA /* Images.xcassets in Resources */ = {isa = PBXBuildFile; fileRef = 736F91D91AC1B0EB00A8D6EA /* Images.xcassets */; };
		736F91DD1AC1B0EB00A8D6EA /* MainMenu.xib in Resources */ = {isa = PBXBuildFile; fileRef = 736F91DB1AC1B0EB00A8D6EA /* MainMenu.xib */; };
		736F91E91AC1B0EB00A8D6EA /* UIBoardTests.m in Sources */ = {isa = PBXBuildFile; fileRef = 736F91E81AC1B0EB00A8D6EA /* UIBoardTests.m */; };
		736F91FA1AC1B36500A8D6EA /* HomeViewController.m in Sources */ = {isa = PBXBuildFile; fileRef = 736F91F81AC1B36500A8D6EA /* HomeViewController.m */; };
		736F91FB1AC1B36500A8D6EA /* HomeViewController.xib in Resources */ = {isa = PBXBuildFile; fileRef = 736F91F91AC1B36500A8D6EA /* HomeViewController.xib */; };
		736F92001AC1B4FB00A8D6EA /* Material.m in Sources */ = {isa = PBXBuildFile; fileRef = 736F91FF1AC1B4FB00A8D6EA /* Material.m */; };
/* End PBXBuildFile section */

/* Begin PBXContainerItemProxy section */
		736F91E31AC1B0EB00A8D6EA /* PBXContainerItemProxy */ = {
			isa = PBXContainerItemProxy;
			containerPortal = 736F91C71AC1B0EB00A8D6EA /* Project object */;
			proxyType = 1;
			remoteGlobalIDString = 736F91CE1AC1B0EB00A8D6EA;
			remoteInfo = UIBoard;
		};
/* End PBXContainerItemProxy section */

/* Begin PBXFileReference section */
		736F91CF1AC1B0EB00A8D6EA /* UIBoard.app */ = {isa = PBXFileReference; explicitFileType = wrapper.application; includeInIndex = 0; path = UIBoard.app; sourceTree = BUILT_PRODUCTS_DIR; };
		736F91D31AC1B0EB00A8D6EA /* Info.plist */ = {isa = PBXFileReference; lastKnownFileType = text.plist.xml; path = Info.plist; sourceTree = "<group>"; };
		736F91D41AC1B0EB00A8D6EA /* AppDelegate.h */ = {isa = PBXFileReference; lastKnownFileType = sourcecode.c.h; path = AppDelegate.h; sourceTree = "<group>"; };
		736F91D51AC1B0EB00A8D6EA /* AppDelegate.m */ = {isa = PBXFileReference; lastKnownFileType = sourcecode.c.objc; path = AppDelegate.m; sourceTree = "<group>"; };
		736F91D71AC1B0EB00A8D6EA /* main.m */ = {isa = PBXFileReference; lastKnownFileType = sourcecode.c.objc; path = main.m; sourceTree = "<group>"; };
		736F91D91AC1B0EB00A8D6EA /* Images.xcassets */ = {isa = PBXFileReference; lastKnownFileType = folder.assetcatalog; path = Images.xcassets; sourceTree = "<group>"; };
		736F91DC1AC1B0EB00A8D6EA /* Base */ = {isa = PBXFileReference; lastKnownFileType = file.xib; name = Base; path = Base.lproj/MainMenu.xib; sourceTree = "<group>"; };
		736F91E21AC1B0EB00A8D6EA /* UIBoardTests.xctest */ = {isa = PBXFileReference; explicitFileType = wrapper.cfbundle; includeInIndex = 0; path = UIBoardTests.xctest; sourceTree = BUILT_PRODUCTS_DIR; };
		736F91E71AC1B0EB00A8D6EA /* Info.plist */ = {isa = PBXFileReference; lastKnownFileType = text.plist.xml; path = Info.plist; sourceTree = "<group>"; };
		736F91E81AC1B0EB00A8D6EA /* UIBoardTests.m */ = {isa = PBXFileReference; lastKnownFileType = sourcecode.c.objc; path = UIBoardTests.m; sourceTree = "<group>"; };
		736F91F71AC1B36500A8D6EA /* HomeViewController.h */ = {isa = PBXFileReference; fileEncoding = 4; lastKnownFileType = sourcecode.c.h; path = HomeViewController.h; sourceTree = "<group>"; };
		736F91F81AC1B36500A8D6EA /* HomeViewController.m */ = {isa = PBXFileReference; fileEncoding = 4; lastKnownFileType = sourcecode.c.objc; path = HomeViewController.m; sourceTree = "<group>"; };
		736F91F91AC1B36500A8D6EA /* HomeViewController.xib */ = {isa = PBXFileReference; fileEncoding = 4; lastKnownFileType = file.xib; path = HomeViewController.xib; sourceTree = "<group>"; };
		736F91FE1AC1B4FB00A8D6EA /* Material.h */ = {isa = PBXFileReference; fileEncoding = 4; lastKnownFileType = sourcecode.c.h; path = Material.h; sourceTree = "<group>"; };
		736F91FF1AC1B4FB00A8D6EA /* Material.m */ = {isa = PBXFileReference; fileEncoding = 4; lastKnownFileType = sourcecode.c.objc; path = Material.m; sourceTree = "<group>"; };
/* End PBXFileReference section */

/* Begin PBXFrameworksBuildPhase section */
		736F91CC1AC1B0EB00A8D6EA /* Frameworks */ = {
			isa = PBXFrameworksBuildPhase;
			buildActionMask = 2147483647;
			files = (
			);
			runOnlyForDeploymentPostprocessing = 0;
		};
		736F91DF1AC1B0EB00A8D6EA /* Frameworks */ = {
			isa = PBXFrameworksBuildPhase;
			buildActionMask = 2147483647;
			files = (
			);
			runOnlyForDeploymentPostprocessing = 0;
		};
/* End PBXFrameworksBuildPhase section */

/* Begin PBXGroup section */
		736F91C61AC1B0EB00A8D6EA = {
			isa = PBXGroup;
			children = (
				736F91D11AC1B0EB00A8D6EA /* UIBoard */,
				736F91E51AC1B0EB00A8D6EA /* UIBoardTests */,
				736F91D01AC1B0EB00A8D6EA /* Products */,
			);
			sourceTree = "<group>";
		};
		736F91D01AC1B0EB00A8D6EA /* Products */ = {
			isa = PBXGroup;
			children = (
				736F91CF1AC1B0EB00A8D6EA /* UIBoard.app */,
				736F91E21AC1B0EB00A8D6EA /* UIBoardTests.xctest */,
			);
			name = Products;
			sourceTree = "<group>";
		};
		736F91D11AC1B0EB00A8D6EA /* UIBoard */ = {
			isa = PBXGroup;
			children = (
				736F91FD1AC1B4AA00A8D6EA /* Model */,
				736F91FC1AC1B48A00A8D6EA /* GUI */,
				736F91D91AC1B0EB00A8D6EA /* Images.xcassets */,
				736F91DB1AC1B0EB00A8D6EA /* MainMenu.xib */,
				736F91D21AC1B0EB00A8D6EA /* Supporting Files */,
			);
			path = UIBoard;
			sourceTree = "<group>";
		};
		736F91D21AC1B0EB00A8D6EA /* Supporting Files */ = {
			isa = PBXGroup;
			children = (
				736F91D31AC1B0EB00A8D6EA /* Info.plist */,
				736F91D71AC1B0EB00A8D6EA /* main.m */,
			);
			name = "Supporting Files";
			sourceTree = "<group>";
		};
		736F91E51AC1B0EB00A8D6EA /* UIBoardTests */ = {
			isa = PBXGroup;
			children = (
				736F91E81AC1B0EB00A8D6EA /* UIBoardTests.m */,
				736F91E61AC1B0EB00A8D6EA /* Supporting Files */,
			);
			path = UIBoardTests;
			sourceTree = "<group>";
		};
		736F91E61AC1B0EB00A8D6EA /* Supporting Files */ = {
			isa = PBXGroup;
			children = (
				736F91E71AC1B0EB00A8D6EA /* Info.plist */,
			);
			name = "Supporting Files";
			sourceTree = "<group>";
		};
		736F91FC1AC1B48A00A8D6EA /* GUI */ = {
			isa = PBXGroup;
			children = (
				736F91D41AC1B0EB00A8D6EA /* AppDelegate.h */,
				736F91D51AC1B0EB00A8D6EA /* AppDelegate.m */,
				736F91F71AC1B36500A8D6EA /* HomeViewController.h */,
				736F91F81AC1B36500A8D6EA /* HomeViewController.m */,
				736F91F91AC1B36500A8D6EA /* HomeViewController.xib */,
			);
			name = GUI;
			sourceTree = "<group>";
		};
		736F91FD1AC1B4AA00A8D6EA /* Model */ = {
			isa = PBXGroup;
			children = (
				736F91FE1AC1B4FB00A8D6EA /* Material.h */,
				736F91FF1AC1B4FB00A8D6EA /* Material.m */,
			);
			name = Model;
			sourceTree = "<group>";
		};
/* End PBXGroup section */

/* Begin PBXNativeTarget section */
		736F91CE1AC1B0EB00A8D6EA /* UIBoard */ = {
			isa = PBXNativeTarget;
			buildConfigurationList = 736F91EC1AC1B0EB00A8D6EA /* Build configuration list for PBXNativeTarget "UIBoard" */;
			buildPhases = (
				736F91CB1AC1B0EB00A8D6EA /* Sources */,
				736F91CC1AC1B0EB00A8D6EA /* Frameworks */,
				736F91CD1AC1B0EB00A8D6EA /* Resources */,
			);
			buildRules = (
			);
			dependencies = (
			);
			name = UIBoard;
			productName = UIBoard;
			productReference = 736F91CF1AC1B0EB00A8D6EA /* UIBoard.app */;
			productType = "com.apple.product-type.application";
		};
		736F91E11AC1B0EB00A8D6EA /* UIBoardTests */ = {
			isa = PBXNativeTarget;
			buildConfigurationList = 736F91EF1AC1B0EB00A8D6EA /* Build configuration list for PBXNativeTarget "UIBoardTests" */;
			buildPhases = (
				736F91DE1AC1B0EB00A8D6EA /* Sources */,
				736F91DF1AC1B0EB00A8D6EA /* Frameworks */,
				736F91E01AC1B0EB00A8D6EA /* Resources */,
			);
			buildRules = (
			);
			dependencies = (
				736F91E41AC1B0EB00A8D6EA /* PBXTargetDependency */,
			);
			name = UIBoardTests;
			productName = UIBoardTests;
			productReference = 736F91E21AC1B0EB00A8D6EA /* UIBoardTests.xctest */;
			productType = "com.apple.product-type.bundle.unit-test";
		};
/* End PBXNativeTarget section */

/* Begin PBXProject section */
		736F91C71AC1B0EB00A8D6EA /* Project object */ = {
			isa = PBXProject;
			attributes = {
				LastUpgradeCheck = 0620;
				ORGANIZATIONNAME = moshou;
				TargetAttributes = {
					736F91CE1AC1B0EB00A8D6EA = {
						CreatedOnToolsVersion = 6.2;
					};
					736F91E11AC1B0EB00A8D6EA = {
						CreatedOnToolsVersion = 6.2;
						TestTargetID = 736F91CE1AC1B0EB00A8D6EA;
					};
				};
			};
			buildConfigurationList = 736F91CA1AC1B0EB00A8D6EA /* Build configuration list for PBXProject "UIBoard" */;
			compatibilityVersion = "Xcode 3.2";
			developmentRegion = English;
			hasScannedForEncodings = 0;
			knownRegions = (
				en,
				Base,
			);
			mainGroup = 736F91C61AC1B0EB00A8D6EA;
			productRefGroup = 736F91D01AC1B0EB00A8D6EA /* Products */;
			projectDirPath = "";
			projectRoot = "";
			targets = (
				736F91CE1AC1B0EB00A8D6EA /* UIBoard */,
				736F91E11AC1B0EB00A8D6EA /* UIBoardTests */,
			);
		};
/* End PBXProject section */

/* Begin PBXResourcesBuildPhase section */
		736F91CD1AC1B0EB00A8D6EA /* Resources */ = {
			isa = PBXResourcesBuildPhase;
			buildActionMask = 2147483647;
			files = (
				736F91DA1AC1B0EB00A8D6EA /* Images.xcassets in Resources */,
				736F91DD1AC1B0EB00A8D6EA /* MainMenu.xib in Resources */,
				736F91FB1AC1B36500A8D6EA /* HomeViewController.xib in Resources */,
			);
			runOnlyForDeploymentPostprocessing = 0;
		};
		736F91E01AC1B0EB00A8D6EA /* Resources */ = {
			isa = PBXResourcesBuildPhase;
			buildActionMask = 2147483647;
			files = (
			);
			runOnlyForDeploymentPostprocessing = 0;
		};
/* End PBXResourcesBuildPhase section */

/* Begin PBXSourcesBuildPhase section */
		736F91CB1AC1B0EB00A8D6EA /* Sources */ = {
			isa = PBXSourcesBuildPhase;
			buildActionMask = 2147483647;
			files = (
				736F92001AC1B4FB00A8D6EA /* Material.m in Sources */,
				736F91D81AC1B0EB00A8D6EA /* main.m in Sources */,
				736F91D61AC1B0EB00A8D6EA /* AppDelegate.m in Sources */,
				736F91FA1AC1B36500A8D6EA /* HomeViewController.m in Sources */,
			);
			runOnlyForDeploymentPostprocessing = 0;
		};
		736F91DE1AC1B0EB00A8D6EA /* Sources */ = {
			isa = PBXSourcesBuildPhase;
			buildActionMask = 2147483647;
			files = (
				736F91E91AC1B0EB00A8D6EA /* UIBoardTests.m in Sources */,
			);
			runOnlyForDeploymentPostprocessing = 0;
		};
/* End PBXSourcesBuildPhase section */

/* Begin PBXTargetDependency section */
		736F91E41AC1B0EB00A8D6EA /* PBXTargetDependency */ = {
			isa = PBXTargetDependency;
			target = 736F91CE1AC1B0EB00A8D6EA /* UIBoard */;
			targetProxy = 736F91E31AC1B0EB00A8D6EA /* PBXContainerItemProxy */;
		};
/* End PBXTargetDependency section */

/* Begin PBXVariantGroup section */
		736F91DB1AC1B0EB00A8D6EA /* MainMenu.xib */ = {
			isa = PBXVariantGroup;
			children = (
				736F91DC1AC1B0EB00A8D6EA /* Base */,
			);
			name = MainMenu.xib;
			sourceTree = "<group>";
		};
/* End PBXVariantGroup section */

/* Begin XCBuildConfiguration section */
		736F91EA1AC1B0EB00A8D6EA /* Debug */ = {
			isa = XCBuildConfiguration;
			buildSettings = {
				ALWAYS_SEARCH_USER_PATHS = NO;
				CLANG_CXX_LANGUAGE_STANDARD = "gnu++0x";
				CLANG_CXX_LIBRARY = "libc++";
				CLANG_ENABLE_MODULES = YES;
				CLANG_ENABLE_OBJC_ARC = YES;
				CLANG_WARN_BOOL_CONVERSION = YES;
				CLANG_WARN_CONSTANT_CONVERSION = YES;
				CLANG_WARN_DIRECT_OBJC_ISA_USAGE = YES_ERROR;
				CLANG_WARN_EMPTY_BODY = YES;
				CLANG_WARN_ENUM_CONVERSION = YES;
				CLANG_WARN_INT_CONVERSION = YES;
				CLANG_WARN_OBJC_ROOT_CLASS = YES_ERROR;
				CLANG_WARN_UNREACHABLE_CODE = YES;
				CLANG_WARN__DUPLICATE_METHOD_MATCH = YES;
				CODE_SIGN_IDENTITY = "-";
				COPY_PHASE_STRIP = NO;
				ENABLE_STRICT_OBJC_MSGSEND = YES;
				GCC_C_LANGUAGE_STANDARD = gnu99;
				GCC_DYNAMIC_NO_PIC = NO;
				GCC_OPTIMIZATION_LEVEL = 0;
				GCC_PREPROCESSOR_DEFINITIONS = (
					"DEBUG=1",
					"$(inherited)",
				);
				GCC_SYMBOLS_PRIVATE_EXTERN = NO;
				GCC_WARN_64_TO_32_BIT_CONVERSION = YES;
				GCC_WARN_ABOUT_RETURN_TYPE = YES_ERROR;
				GCC_WARN_UNDECLARED_SELECTOR = YES;
				GCC_WARN_UNINITIALIZED_AUTOS = YES_AGGRESSIVE;
				GCC_WARN_UNUSED_FUNCTION = YES;
				GCC_WARN_UNUSED_VARIABLE = YES;
				MACOSX_DEPLOYMENT_TARGET = 10.10;
				MTL_ENABLE_DEBUG_INFO = YES;
				ONLY_ACTIVE_ARCH = YES;
				SDKROOT = macosx;
			};
			name = Debug;
		};
		736F91EB1AC1B0EB00A8D6EA /* Release */ = {
			isa = XCBuildConfiguration;
			buildSettings = {
				ALWAYS_SEARCH_USER_PATHS = NO;
				CLANG_CXX_LANGUAGE_STANDARD = "gnu++0x";
				CLANG_CXX_LIBRARY = "libc++";
				CLANG_ENABLE_MODULES = YES;
				CLANG_ENABLE_OBJC_ARC = YES;
				CLANG_WARN_BOOL_CONVERSION = YES;
				CLANG_WARN_CONSTANT_CONVERSION = YES;
				CLANG_WARN_DIRECT_OBJC_ISA_USAGE = YES_ERROR;
				CLANG_WARN_EMPTY_BODY = YES;
				CLANG_WARN_ENUM_CONVERSION = YES;
				CLANG_WARN_INT_CONVERSION = YES;
				CLANG_WARN_OBJC_ROOT_CLASS = YES_ERROR;
				CLANG_WARN_UNREACHABLE_CODE = YES;
				CLANG_WARN__DUPLICATE_METHOD_MATCH = YES;
				CODE_SIGN_IDENTITY = "-";
				COPY_PHASE_STRIP = NO;
				DEBUG_INFORMATION_FORMAT = "dwarf-with-dsym";
				ENABLE_NS_ASSERTIONS = NO;
				ENABLE_STRICT_OBJC_MSGSEND = YES;
				GCC_C_LANGUAGE_STANDARD = gnu99;
				GCC_WARN_64_TO_32_BIT_CONVERSION = YES;
				GCC_WARN_ABOUT_RETURN_TYPE = YES_ERROR;
				GCC_WARN_UNDECLARED_SELECTOR = YES;
				GCC_WARN_UNINITIALIZED_AUTOS = YES_AGGRESSIVE;
				GCC_WARN_UNUSED_FUNCTION = YES;
				GCC_WARN_UNUSED_VARIABLE = YES;
				MACOSX_DEPLOYMENT_TARGET = 10.10;
				MTL_ENABLE_DEBUG_INFO = NO;
				SDKROOT = macosx;
			};
			name = Release;
		};
		736F91ED1AC1B0EB00A8D6EA /* Debug */ = {
			isa = XCBuildConfiguration;
			buildSettings = {
				ASSETCATALOG_COMPILER_APPICON_NAME = AppIcon;
				COMBINE_HIDPI_IMAGES = YES;
				INFOPLIST_FILE = UIBoard/Info.plist;
				LD_RUNPATH_SEARCH_PATHS = "$(inherited) @executable_path/../Frameworks";
				PRODUCT_NAME = "$(TARGET_NAME)";
			};
			name = Debug;
		};
		736F91EE1AC1B0EB00A8D6EA /* Release */ = {
			isa = XCBuildConfiguration;
			buildSettings = {
				ASSETCATALOG_COMPILER_APPICON_NAME = AppIcon;
				COMBINE_HIDPI_IMAGES = YES;
				INFOPLIST_FILE = UIBoard/Info.plist;
				LD_RUNPATH_SEARCH_PATHS = "$(inherited) @executable_path/../Frameworks";
				PRODUCT_NAME = "$(TARGET_NAME)";
			};
			name = Release;
		};
		736F91F01AC1B0EB00A8D6EA /* Debug */ = {
			isa = XCBuildConfiguration;
			buildSettings = {
				BUNDLE_LOADER = "$(TEST_HOST)";
				COMBINE_HIDPI_IMAGES = YES;
				FRAMEWORK_SEARCH_PATHS = (
					"$(DEVELOPER_FRAMEWORKS_DIR)",
					"$(inherited)",
				);
				GCC_PREPROCESSOR_DEFINITIONS = (
					"DEBUG=1",
					"$(inherited)",
				);
				INFOPLIST_FILE = UIBoardTests/Info.plist;
				LD_RUNPATH_SEARCH_PATHS = "$(inherited) @executable_path/../Frameworks @loader_path/../Frameworks";
				PRODUCT_NAME = "$(TARGET_NAME)";
				TEST_HOST = "$(BUILT_PRODUCTS_DIR)/UIBoard.app/Contents/MacOS/UIBoard";
			};
			name = Debug;
		};
		736F91F11AC1B0EB00A8D6EA /* Release */ = {
			isa = XCBuildConfiguration;
			buildSettings = {
				BUNDLE_LOADER = "$(TEST_HOST)";
				COMBINE_HIDPI_IMAGES = YES;
				FRAMEWORK_SEARCH_PATHS = (
					"$(DEVELOPER_FRAMEWORKS_DIR)",
					"$(inherited)",
				);
				INFOPLIST_FILE = UIBoardTests/Info.plist;
				LD_RUNPATH_SEARCH_PATHS = "$(inherited) @executable_path/../Frameworks @loader_path/../Frameworks";
				PRODUCT_NAME = "$(TARGET_NAME)";
				TEST_HOST = "$(BUILT_PRODUCTS_DIR)/UIBoard.app/Contents/MacOS/UIBoard";
			};
			name = Release;
		};
/* End XCBuildConfiguration section */

/* Begin XCConfigurationList section */
		736F91CA1AC1B0EB00A8D6EA /* Build configuration list for PBXProject "UIBoard" */ = {
			isa = XCConfigurationList;
			buildConfigurations = (
				736F91EA1AC1B0EB00A8D6EA /* Debug */,
				736F91EB1AC1B0EB00A8D6EA /* Release */,
			);
			defaultConfigurationIsVisible = 0;
			defaultConfigurationName = Release;
		};
		736F91EC1AC1B0EB00A8D6EA /* Build configuration list for PBXNativeTarget "UIBoard" */ = {
			isa = XCConfigurationList;
			buildConfigurations = (
				736F91ED1AC1B0EB00A8D6EA /* Debug */,
				736F91EE1AC1B0EB00A8D6EA /* Release */,
			);
			defaultConfigurationIsVisible = 0;
		};
		736F91EF1AC1B0EB00A8D6EA /* Build configuration list for PBXNativeTarget "UIBoardTests" */ = {
			isa = XCConfigurationList;
			buildConfigurations = (
				736F91F01AC1B0EB00A8D6EA /* Debug */,
				736F91F11AC1B0EB00A8D6EA /* Release */,
			);
			defaultConfigurationIsVisible = 0;
		};
/* End XCConfigurationList section */
	};
	rootObject = 736F91C71AC1B0EB00A8D6EA /* Project object */;
}
